DEPENDENCIES
  apt
    path: cookbooks/apt
  chef-sugar
    path: cookbooks/chef-sugar
  chef-vault
    path: cookbooks/chef-vault
  chef_handler
    path: cookbooks/chef_handler
  chocolatey
    path: cookbooks/chocolatey
  consul
    path: cookbooks/consul
  firewall
    path: cookbooks/firewall
  golang
    path: cookbooks/golang
  libarchive
    path: cookbooks/libarchive
  libartifact
    path: cookbooks/libartifact
  poise
    path: cookbooks/poise
  poise-service
    path: cookbooks/poise-service
  selinux
    path: cookbooks/selinux
  test
    path: .
    metadata: true
  windows
    path: cookbooks/windows
  yum
    path: cookbooks/yum
  yum-epel
    path: cookbooks/yum-epel

GRAPH
  apt (2.9.2)
  chef-sugar (3.1.1)
  chef-vault (1.3.2)
  chef_handler (1.2.0)
  chocolatey (0.6.1)
    windows (~> 1.38)
  consul (1.3.1)
    chef-vault (~> 1.3)
    chocolatey (>= 0.0.0)
    firewall (~> 2.0)
    golang (>= 0.0.0)
    libartifact (~> 1.3)
    poise (~> 2.2)
    poise-service (~> 1.0)
    selinux (~> 0.9)
  firewall (2.2.0)
    chef-sugar (>= 0.0.0)
  golang (1.7.0)
  libarchive (0.6.1)
    apt (~> 2.5)
    yum-epel (~> 0.6)
  libartifact (1.3.3)
    libarchive (~> 0.6)
    poise (~> 2.2)
  poise (2.4.0)
  poise-service (1.0.2)
    poise (~> 2.0)
  selinux (0.9.0)
  test (0.1.0)
  windows (1.38.4)
    chef_handler (>= 0.0.0)
  yum (3.8.2)
  yum-epel (0.6.5)
    yum (~> 3.2)
